
Microsoft Visual Studio Solution File, Format Version 12.00
# Visual Studio Version 16
VisualStudioVersion = 16.0.30804.86
MinimumVisualStudioVersion = 10.0.40219.1
Project("{9A19103F-16F7-4668-BE54-9A1E7A4F7556}") = "praxicloud.grpc.sample", "praxicloud.grpc.sample\praxicloud.grpc.sample.csproj", "{2E037C24-1F51-46BF-88DE-410DDF57DF52}"
EndProject
Project("{9A19103F-16F7-4668-BE54-9A1E7A4F7556}") = "praxicloud.grpc.sample.client", "praxicloud.grpc.sample.client\praxicloud.grpc.sample.client.csproj", "{22B3E232-7E43-46EC-893A-7039B8EE409A}"
EndProject
Project("{FAE04EC0-301F-11D3-BF4B-00C04F79EFBC}") = "praxicloud.grpc.server", "praxicloud.grpc.server\praxicloud.grpc.server.csproj", "{6D4E20EB-0635-4B5E-80E4-FEDAC0C38B13}"
EndProject
Project("{FAE04EC0-301F-11D3-BF4B-00C04F79EFBC}") = "praxicloud.grpc.client", "praxicloud.grpc.client\praxicloud.grpc.client.csproj", "{6066761F-C889-47DC-B5CC-46C4D66DCBDF}"
EndProject
Global
	GlobalSection(SolutionConfigurationPlatforms) = preSolution
		Debug|Any CPU = Debug|Any CPU
		Release|Any CPU = Release|Any CPU
	EndGlobalSection
	GlobalSection(ProjectConfigurationPlatforms) = postSolution
		{2E037C24-1F51-46BF-88DE-410DDF57DF52}.Debug|Any CPU.ActiveCfg = Debug|Any CPU
		{2E037C24-1F51-46BF-88DE-410DDF57DF52}.Debug|Any CPU.Build.0 = Debug|Any CPU
		{2E037C24-1F51-46BF-88DE-410DDF57DF52}.Release|Any CPU.ActiveCfg = Release|Any CPU
		{2E037C24-1F51-46BF-88DE-410DDF57DF52}.Release|Any CPU.Build.0 = Release|Any CPU
		{22B3E232-7E43-46EC-893A-7039B8EE409A}.Debug|Any CPU.ActiveCfg = Debug|Any CPU
		{22B3E232-7E43-46EC-893A-7039B8EE409A}.Debug|Any CPU.Build.0 = Debug|Any CPU
		{22B3E232-7E43-46EC-893A-7039B8EE409A}.Release|Any CPU.ActiveCfg = Release|Any CPU
		{22B3E232-7E43-46EC-893A-7039B8EE409A}.Release|Any CPU.Build.0 = Release|Any CPU
		{6D4E20EB-0635-4B5E-80E4-FEDAC0C38B13}.Debug|Any CPU.ActiveCfg = Debug|Any CPU
		{6D4E20EB-0635-4B5E-80E4-FEDAC0C38B13}.Debug|Any CPU.Build.0 = Debug|Any CPU
		{6D4E20EB-0635-4B5E-80E4-FEDAC0C38B13}.Release|Any CPU.ActiveCfg = Release|Any CPU
		{6D4E20EB-0635-4B5E-80E4-FEDAC0C38B13}.Release|Any CPU.Build.0 = Release|Any CPU
		{6066761F-C889-47DC-B5CC-46C4D66DCBDF}.Debug|Any CPU.ActiveCfg = Debug|Any CPU
		{6066761F-C889-47DC-B5CC-46C4D66DCBDF}.Debug|Any CPU.Build.0 = Debug|Any CPU
		{6066761F-C889-47DC-B5CC-46C4D66DCBDF}.Release|Any CPU.ActiveCfg = Release|Any CPU
		{6066761F-C889-47DC-B5CC-46C4D66DCBDF}.Release|Any CPU.Build.0 = Release|Any CPU
	EndGlobalSection
	GlobalSection(SolutionProperties) = preSolution
		HideSolutionNode = FALSE
	EndGlobalSection
	GlobalSection(ExtensibilityGlobals) = postSolution
		SolutionGuid = {C879E888-7FB4-4E4C-AD8C-15E7CAA48355}
	EndGlobalSection
EndGlobal
